schema: '2.0'
stages:
  data_ingestion:
    cmd: python src/data/data_ingestion.py
    deps:
    - path: src/data/data_ingestion.py
      hash: md5
      md5: d852d05dcf4f59d32b2458602badaf78
      size: 2908
    params:
      params.yaml:
        data_ingestion.test_size: 0.1
    outs:
    - path: data/raw
      hash: md5
      md5: e45197449488b269099ef7ff75c93ff3.dir
      size: 1018208
      nfiles: 2
  data_preprocessing:
    cmd: python src/data/data_preprocessing.py
    deps:
    - path: data/raw
      hash: md5
      md5: e45197449488b269099ef7ff75c93ff3.dir
      size: 1018208
      nfiles: 2
    - path: src/data/data_preprocessing.py
      hash: md5
      md5: cbe71970d2130ce7715a6a2682dab23c
      size: 4217
    outs:
    - path: data/processed
      hash: md5
      md5: c7ab31bd3dfa9f463eed0a807738d37b.dir
      size: 579713
      nfiles: 2
  feature_engineering:
    cmd: python src/features/feature_engineering.py
    deps:
    - path: data/processed
      hash: md5
      md5: c7ab31bd3dfa9f463eed0a807738d37b.dir
      size: 579713
      nfiles: 2
    - path: src/features/feature_engineering.py
      hash: md5
      md5: f86ba52f45fc57e4dbfee6fa43aba2ec
      size: 3623
    params:
      params.yaml:
        feature_engineering.max_features: 1010
    outs:
    - path: data/features
      hash: md5
      md5: 10e737de52d0ad631855dd3cd9e066d6.dir
      size: 41543755
      nfiles: 2
  model_building:
    cmd: python src/model/model_building.py
    deps:
    - path: data/features
      hash: md5
      md5: 10e737de52d0ad631855dd3cd9e066d6.dir
      size: 41543755
      nfiles: 2
    - path: src/model/model_building.py
      hash: md5
      md5: b38a4dc018bacebbd343a606c56705ce
      size: 2975
    params:
      params.yaml:
        model_building.learning_rate: 0.1
        model_building.max_depth: 8
        model_building.max_iter: 40
    outs:
    - path: models/model.pkl
      hash: md5
      md5: 6b82f967751d6ee1a86e785034b75cbd
      size: 830370
  model_evaluation:
    cmd: python src/model/model_evaluation.py
    deps:
    - path: models/model.pkl
      hash: md5
      md5: 6b82f967751d6ee1a86e785034b75cbd
      size: 830370
    - path: src/model/model_evaluation.py
      hash: md5
      md5: 88d43137e2c2df23cc9f4eb1722a0cd4
      size: 2856
    outs:
    - path: reports/metrics.json
      hash: md5
      md5: 8eb052b3366c97cac372e09e811935f1
      size: 2351
